
Microsoft Visual Studio Solution File, Format Version 12.00
# Visual Studio Version 17
VisualStudioVersion = 17.9.34902.65
MinimumVisualStudioVersion = 10.0.40219.1
Project("{9A19103F-16F7-4668-BE54-9A1E7A4F7556}") = "LojaNet.Models", "LojaNet.Models\LojaNet.Models.csproj", "{A837E9CD-5F75-4A7E-A100-9C35ACA0C3A2}"
EndProject
Project("{9A19103F-16F7-4668-BE54-9A1E7A4F7556}") = "LojaNet.DAL", "LojaNet.DAL\LojaNet.DAL.csproj", "{A5C8DB12-D217-4B3E-BD7F-0AC69764AD78}"
EndProject
Project("{9A19103F-16F7-4668-BE54-9A1E7A4F7556}") = "LojaNet.BLL", "LojaNet.BLL\LojaNet.BLL.csproj", "{49E108AC-93FD-4080-AC63-96A883AFB6E5}"
EndProject
Project("{FAE04EC0-301F-11D3-BF4B-00C04F79EFBC}") = "LojaNet.UI.Web", "LojasNet.UI.Web\LojaNet.UI.Web.csproj", "{F50E3FB1-5CFB-4BBC-BCE4-5F89050DA2ED}"
EndProject
Global
	GlobalSection(SolutionConfigurationPlatforms) = preSolution
		Debug|Any CPU = Debug|Any CPU
		Release|Any CPU = Release|Any CPU
	EndGlobalSection
	GlobalSection(ProjectConfigurationPlatforms) = postSolution
		{A837E9CD-5F75-4A7E-A100-9C35ACA0C3A2}.Debug|Any CPU.ActiveCfg = Debug|Any CPU
		{A837E9CD-5F75-4A7E-A100-9C35ACA0C3A2}.Debug|Any CPU.Build.0 = Debug|Any CPU
		{A837E9CD-5F75-4A7E-A100-9C35ACA0C3A2}.Release|Any CPU.ActiveCfg = Release|Any CPU
		{A837E9CD-5F75-4A7E-A100-9C35ACA0C3A2}.Release|Any CPU.Build.0 = Release|Any CPU
		{A5C8DB12-D217-4B3E-BD7F-0AC69764AD78}.Debug|Any CPU.ActiveCfg = Debug|Any CPU
		{A5C8DB12-D217-4B3E-BD7F-0AC69764AD78}.Debug|Any CPU.Build.0 = Debug|Any CPU
		{A5C8DB12-D217-4B3E-BD7F-0AC69764AD78}.Release|Any CPU.ActiveCfg = Release|Any CPU
		{A5C8DB12-D217-4B3E-BD7F-0AC69764AD78}.Release|Any CPU.Build.0 = Release|Any CPU
		{49E108AC-93FD-4080-AC63-96A883AFB6E5}.Debug|Any CPU.ActiveCfg = Debug|Any CPU
		{49E108AC-93FD-4080-AC63-96A883AFB6E5}.Debug|Any CPU.Build.0 = Debug|Any CPU
		{49E108AC-93FD-4080-AC63-96A883AFB6E5}.Release|Any CPU.ActiveCfg = Release|Any CPU
		{49E108AC-93FD-4080-AC63-96A883AFB6E5}.Release|Any CPU.Build.0 = Release|Any CPU
		{F50E3FB1-5CFB-4BBC-BCE4-5F89050DA2ED}.Debug|Any CPU.ActiveCfg = Debug|Any CPU
		{F50E3FB1-5CFB-4BBC-BCE4-5F89050DA2ED}.Debug|Any CPU.Build.0 = Debug|Any CPU
		{F50E3FB1-5CFB-4BBC-BCE4-5F89050DA2ED}.Release|Any CPU.ActiveCfg = Release|Any CPU
		{F50E3FB1-5CFB-4BBC-BCE4-5F89050DA2ED}.Release|Any CPU.Build.0 = Release|Any CPU
	EndGlobalSection
	GlobalSection(SolutionProperties) = preSolution
		HideSolutionNode = FALSE
	EndGlobalSection
	GlobalSection(ExtensibilityGlobals) = postSolution
		SolutionGuid = {C53AB003-7C18-418F-885F-A15AC589181A}
	EndGlobalSection
EndGlobal
